// !$*UTF8*$!
{
	archiveVersion = 1;
	classes = {
	};
	objectVersion = 46;
	objects = {

/* Begin PBXBuildFile section */
		7ECF11D31B564295001809E1 /* AppDelegate.swift in Sources */ = {isa = PBXBuildFile; fileRef = 7ECF11D21B564295001809E1 /* AppDelegate.swift */; };
		7ECF11D51B564295001809E1 /* ViewController.swift in Sources */ = {isa = PBXBuildFile; fileRef = 7ECF11D41B564295001809E1 /* ViewController.swift */; };
		7ECF11D81B564295001809E1 /* Main.storyboard in Resources */ = {isa = PBXBuildFile; fileRef = 7ECF11D61B564295001809E1 /* Main.storyboard */; };
		7ECF11DA1B564295001809E1 /* Images.xcassets in Resources */ = {isa = PBXBuildFile; fileRef = 7ECF11D91B564295001809E1 /* Images.xcassets */; };
		7ECF11E91B564296001809E1 /* tipperTests.swift in Sources */ = {isa = PBXBuildFile; fileRef = 7ECF11E81B564296001809E1 /* tipperTests.swift */; };
/* End PBXBuildFile section */

/* Begin PBXContainerItemProxy section */
		7ECF11E31B564296001809E1 /* PBXContainerItemProxy */ = {
			isa = PBXContainerItemProxy;
			containerPortal = 7ECF11C51B564295001809E1 /* Project object */;
			proxyType = 1;
			remoteGlobalIDString = 7ECF11CC1B564295001809E1;
			remoteInfo = tips;
		};
/* End PBXContainerItemProxy section */

/* Begin PBXFileReference section */
		7ECF11CD1B564295001809E1 /* Tipper.app */ = {isa = PBXFileReference; explicitFileType = wrapper.application; includeInIndex = 0; path = Tipper.app; sourceTree = BUILT_PRODUCTS_DIR; };
		7ECF11D11B564295001809E1 /* Info.plist */ = {isa = PBXFileReference; lastKnownFileType = text.plist.xml; path = Info.plist; sourceTree = "<group>"; };
		7ECF11D21B564295001809E1 /* AppDelegate.swift */ = {isa = PBXFileReference; lastKnownFileType = sourcecode.swift; path = AppDelegate.swift; sourceTree = "<group>"; };
		7ECF11D41B564295001809E1 /* ViewController.swift */ = {isa = PBXFileReference; lastKnownFileType = sourcecode.swift; path = ViewController.swift; sourceTree = "<group>"; };
		7ECF11D71B564295001809E1 /* Base */ = {isa = PBXFileReference; lastKnownFileType = file.storyboard; name = Base; path = Base.lproj/Main.storyboard; sourceTree = "<group>"; };
		7ECF11D91B564295001809E1 /* Images.xcassets */ = {isa = PBXFileReference; lastKnownFileType = folder.assetcatalog; path = Images.xcassets; sourceTree = "<group>"; };
		7ECF11E21B564296001809E1 /* TipperTests.xctest */ = {isa = PBXFileReference; explicitFileType = wrapper.cfbundle; includeInIndex = 0; path = TipperTests.xctest; sourceTree = BUILT_PRODUCTS_DIR; };
		7ECF11E71B564296001809E1 /* Info.plist */ = {isa = PBXFileReference; lastKnownFileType = text.plist.xml; path = Info.plist; sourceTree = "<group>"; };
		7ECF11E81B564296001809E1 /* tipperTests.swift */ = {isa = PBXFileReference; lastKnownFileType = sourcecode.swift; path = tipperTests.swift; sourceTree = "<group>"; };
/* End PBXFileReference section */

/* Begin PBXFrameworksBuildPhase section */
		7ECF11CA1B564295001809E1 /* Frameworks */ = {
			isa = PBXFrameworksBuildPhase;
			buildActionMask = 2147483647;
			files = (
			);
			runOnlyForDeploymentPostprocessing = 0;
		};
		7ECF11DF1B564296001809E1 /* Frameworks */ = {
			isa = PBXFrameworksBuildPhase;
			buildActionMask = 2147483647;
			files = (
			);
			runOnlyForDeploymentPostprocessing = 0;
		};
/* End PBXFrameworksBuildPhase section */

/* Begin PBXGroup section */
		7ECF11C41B564295001809E1 = {
			isa = PBXGroup;
			children = (
				7ECF11CF1B564295001809E1 /* tipper */,
				7ECF11E51B564296001809E1 /* tipperTests */,
				7ECF11CE1B564295001809E1 /* Products */,
			);
			sourceTree = "<group>";
		};
		7ECF11CE1B564295001809E1 /* Products */ = {
			isa = PBXGroup;
			children = (
				7ECF11CD1B564295001809E1 /* Tipper.app */,
				7ECF11E21B564296001809E1 /* TipperTests.xctest */,
			);
			name = Products;
			sourceTree = "<group>";
		};
		7ECF11CF1B564295001809E1 /* tipper */ = {
			isa = PBXGroup;
			children = (
				7ECF11D21B564295001809E1 /* AppDelegate.swift */,
				7ECF11D41B564295001809E1 /* ViewController.swift */,
				7ECF11D61B564295001809E1 /* Main.storyboard */,
				7ECF11D91B564295001809E1 /* Images.xcassets */,
				7ECF11D01B564295001809E1 /* Supporting Files */,
			);
			path = tipper;
			sourceTree = "<group>";
		};
		7ECF11D01B564295001809E1 /* Supporting Files */ = {
			isa = PBXGroup;
			children = (
				7ECF11D11B564295001809E1 /* Info.plist */,
			);
			name = "Supporting Files";
			sourceTree = "<group>";
		};
		7ECF11E51B564296001809E1 /* tipperTests */ = {
			isa = PBXGroup;
			children = (
				7ECF11E81B564296001809E1 /* tipperTests.swift */,
				7ECF11E61B564296001809E1 /* Supporting Files */,
			);
			path = tipperTests;
			sourceTree = "<group>";
		};
		7ECF11E61B564296001809E1 /* Supporting Files */ = {
			isa = PBXGroup;
			children = (
				7ECF11E71B564296001809E1 /* Info.plist */,
			);
			name = "Supporting Files";
			sourceTree = "<group>";
		};
/* End PBXGroup section */

/* Begin PBXNativeTarget section */
		7ECF11CC1B564295001809E1 /* Tipper */ = {
			isa = PBXNativeTarget;
			buildConfigurationList = 7ECF11EC1B564296001809E1 /* Build configuration list for PBXNativeTarget "Tipper" */;
			buildPhases = (
				7ECF11C91B564295001809E1 /* Sources */,
				7ECF11CA1B564295001809E1 /* Frameworks */,
				7ECF11CB1B564295001809E1 /* Resources */,
			);
			buildRules = (
			);
			dependencies = (
			);
			name = Tipper;
			productName = tips;
			productReference = 7ECF11CD1B564295001809E1 /* Tipper.app */;
			productType = "com.apple.product-type.application";
		};
		7ECF11E11B564296001809E1 /* TipperTests */ = {
			isa = PBXNativeTarget;
			buildConfigurationList = 7ECF11EF1B564296001809E1 /* Build configuration list for PBXNativeTarget "TipperTests" */;
			buildPhases = (
				7ECF11DE1B564296001809E1 /* Sources */,
				7ECF11DF1B564296001809E1 /* Frameworks */,
				7ECF11E01B564296001809E1 /* Resources */,
			);
			buildRules = (
			);
			dependencies = (
				7ECF11E41B564296001809E1 /* PBXTargetDependency */,
			);
			name = TipperTests;
			productName = tipsTests;
			productReference = 7ECF11E21B564296001809E1 /* TipperTests.xctest */;
			productType = "com.apple.product-type.bundle.unit-test";
		};
/* End PBXNativeTarget section */

/* Begin PBXProject section */
		7ECF11C51B564295001809E1 /* Project object */ = {
			isa = PBXProject;
			attributes = {
				LastUpgradeCheck = 0640;
				ORGANIZATIONNAME = "Cameron Wu";
				TargetAttributes = {
					7ECF11CC1B564295001809E1 = {
						CreatedOnToolsVersion = 6.4;
						DevelopmentTeam = SA69QT9UFQ;
					};
					7ECF11E11B564296001809E1 = {
						CreatedOnToolsVersion = 6.4;
						TestTargetID = 7ECF11CC1B564295001809E1;
					};
				};
			};
			buildConfigurationList = 7ECF11C81B564295001809E1 /* Build configuration list for PBXProject "Tipper" */;
			compatibilityVersion = "Xcode 3.2";
			developmentRegion = English;
			hasScannedForEncodings = 0;
			knownRegions = (
				en,
				Base,
			);
			mainGroup = 7ECF11C41B564295001809E1;
			productRefGroup = 7ECF11CE1B564295001809E1 /* Products */;
			projectDirPath = "";
			projectRoot = "";
			targets = (
				7ECF11CC1B564295001809E1 /* Tipper */,
				7ECF11E11B564296001809E1 /* TipperTests */,
			);
		};
/* End PBXProject section */

/* Begin PBXResourcesBuildPhase section */
		7ECF11CB1B564295001809E1 /* Resources */ = {
			isa = PBXResourcesBuildPhase;
			buildActionMask = 2147483647;
			files = (
				7ECF11D81B564295001809E1 /* Main.storyboard in Resources */,
				7ECF11DA1B564295001809E1 /* Images.xcassets in Resources */,
			);
			runOnlyForDeploymentPostprocessing = 0;
		};
		7ECF11E01B564296001809E1 /* Resources */ = {
			isa = PBXResourcesBuildPhase;
			buildActionMask = 2147483647;
			files = (
			);
			runOnlyForDeploymentPostprocessing = 0;
		};
/* End PBXResourcesBuildPhase section */

/* Begin PBXSourcesBuildPhase section */
		7ECF11C91B564295001809E1 /* Sources */ = {
			isa = PBXSourcesBuildPhase;
			buildActionMask = 2147483647;
			files = (
				7ECF11D51B564295001809E1 /* ViewController.swift in Sources */,
				7ECF11D31B564295001809E1 /* AppDelegate.swift in Sources */,
			);
			runOnlyForDeploymentPostprocessing = 0;
		};
		7ECF11DE1B564296001809E1 /* Sources */ = {
			isa = PBXSourcesBuildPhase;
			buildActionMask = 2147483647;
			files = (
				7ECF11E91B564296001809E1 /* tipperTests.swift in Sources */,
			);
			runOnlyForDeploymentPostprocessing = 0;
		};
/* End PBXSourcesBuildPhase section */

/* Begin PBXTargetDependency section */
		7ECF11E41B564296001809E1 /* PBXTargetDependency */ = {
			isa = PBXTargetDependency;
			target = 7ECF11CC1B564295001809E1 /* Tipper */;
			targetProxy = 7ECF11E31B564296001809E1 /* PBXContainerItemProxy */;
		};
/* End PBXTargetDependency section */

/* Begin PBXVariantGroup section */
		7ECF11D61B564295001809E1 /* Main.storyboard */ = {
			isa = PBXVariantGroup;
			children = (
				7ECF11D71B564295001809E1 /* Base */,
			);
			name = Main.storyboard;
			sourceTree = "<group>";
		};
/* End PBXVariantGroup section */

/* Begin XCBuildConfiguration section */
		7ECF11EA1B564296001809E1 /* Debug */ = {
			isa = XCBuildConfiguration;
			buildSettings = {
				ALWAYS_SEARCH_USER_PATHS = NO;
				CLANG_CXX_LANGUAGE_STANDARD = "gnu++0x";
				CLANG_CXX_LIBRARY = "libc++";
				CLANG_ENABLE_MODULES = YES;
				CLANG_ENABLE_OBJC_ARC = YES;
				CLANG_WARN_BOOL_CONVERSION = YES;
				CLANG_WARN_CONSTANT_CONVERSION = YES;
				CLANG_WARN_DIRECT_OBJC_ISA_USAGE = YES_ERROR;
				CLANG_WARN_EMPTY_BODY = YES;
				CLANG_WARN_ENUM_CONVERSION = YES;
				CLANG_WARN_INT_CONVERSION = YES;
				CLANG_WARN_OBJC_ROOT_CLASS = YES_ERROR;
				CLANG_WARN_UNREACHABLE_CODE = YES;
				CLANG_WARN__DUPLICATE_METHOD_MATCH = YES;
				"CODE_SIGN_IDENTITY[sdk=iphoneos*]" = "iPhone Developer";
				COPY_PHASE_STRIP = NO;
				DEBUG_INFORMATION_FORMAT = "dwarf-with-dsym";
				ENABLE_STRICT_OBJC_MSGSEND = YES;
				GCC_C_LANGUAGE_STANDARD = gnu99;
				GCC_DYNAMIC_NO_PIC = NO;
				GCC_NO_COMMON_BLOCKS = YES;
				GCC_OPTIMIZATION_LEVEL = 0;
				GCC_PREPROCESSOR_DEFINITIONS = (
					"DEBUG=1",
					"$(inherited)",
				);
				GCC_SYMBOLS_PRIVATE_EXTERN = NO;
				GCC_WARN_64_TO_32_BIT_CONVERSION = YES;
				GCC_WARN_ABOUT_RETURN_TYPE = YES_ERROR;
				GCC_WARN_UNDECLARED_SELECTOR = YES;
				GCC_WARN_UNINITIALIZED_AUTOS = YES_AGGRESSIVE;
				GCC_WARN_UNUSED_FUNCTION = YES;
				GCC_WARN_UNUSED_VARIABLE = YES;
				IPHONEOS_DEPLOYMENT_TARGET = 8.4;
				MTL_ENABLE_DEBUG_INFO = YES;
				ONLY_ACTIVE_ARCH = YES;
				SDKROOT = iphoneos;
				SWIFT_OPTIMIZATION_LEVEL = "-Onone";
			};
			name = Debug;
		};
		7ECF11EB1B564296001809E1 /* Release */ = {
			isa = XCBuildConfiguration;
			buildSettings = {
				ALWAYS_SEARCH_USER_PATHS = NO;
				CLANG_CXX_LANGUAGE_STANDARD = "gnu++0x";
				CLANG_CXX_LIBRARY = "libc++";
				CLANG_ENABLE_MODULES = YES;
				CLANG_ENABLE_OBJC_ARC = YES;
				CLANG_WARN_BOOL_CONVERSION = YES;
				CLANG_WARN_CONSTANT_CONVERSION = YES;
				CLANG_WARN_DIRECT_OBJC_ISA_USAGE = YES_ERROR;
				CLANG_WARN_EMPTY_BODY = YES;
				CLANG_WARN_ENUM_CONVERSION = YES;
				CLANG_WARN_INT_CONVERSION = YES;
				CLANG_WARN_OBJC_ROOT_CLASS = YES_ERROR;
				CLANG_WARN_UNREACHABLE_CODE = YES;
				CLANG_WARN__DUPLICATE_METHOD_MATCH = YES;
				"CODE_SIGN_IDENTITY[sdk=iphoneos*]" = "iPhone Developer";
				COPY_PHASE_STRIP = NO;
				DEBUG_INFORMATION_FORMAT = "dwarf-with-dsym";
				ENABLE_NS_ASSERTIONS = NO;
				ENABLE_STRICT_OBJC_MSGSEND = YES;
				GCC_C_LANGUAGE_STANDARD = gnu99;
				GCC_NO_COMMON_BLOCKS = YES;
				GCC_WARN_64_TO_32_BIT_CONVERSION = YES;
				GCC_WARN_ABOUT_RETURN_TYPE = YES_ERROR;
				GCC_WARN_UNDECLARED_SELECTOR = YES;
				GCC_WARN_UNINITIALIZED_AUTOS = YES_AGGRESSIVE;
				GCC_WARN_UNUSED_FUNCTION = YES;
				GCC_WARN_UNUSED_VARIABLE = YES;
				IPHONEOS_DEPLOYMENT_TARGET = 8.4;
				MTL_ENABLE_DEBUG_INFO = NO;
				SDKROOT = iphoneos;
				VALIDATE_PRODUCT = YES;
			};
			name = Release;
		};
		7ECF11ED1B564296001809E1 /* Debug */ = {
			isa = XCBuildConfiguration;
			buildSettings = {
				ASSETCATALOG_COMPILER_APPICON_NAME = AppIcon;
				ASSETCATALOG_COMPILER_LAUNCHIMAGE_NAME = LaunchImage;
				CODE_SIGN_IDENTITY = "iPhone Developer";
				"CODE_SIGN_IDENTITY[sdk=iphoneos*]" = "iPhone Developer";
				INFOPLIST_FILE = "$(SRCROOT)/tipper/Info.plist";
				LD_RUNPATH_SEARCH_PATHS = "$(inherited) @executable_path/Frameworks";
				PRODUCT_NAME = Tipper;
				PROVISIONING_PROFILE = "";
			};
			name = Debug;
		};
		7ECF11EE1B564296001809E1 /* Release */ = {
			isa = XCBuildConfiguration;
			buildSettings = {
				ASSETCATALOG_COMPILER_APPICON_NAME = AppIcon;
				ASSETCATALOG_COMPILER_LAUNCHIMAGE_NAME = LaunchImage;
				CODE_SIGN_IDENTITY = "iPhone Developer";
				"CODE_SIGN_IDENTITY[sdk=iphoneos*]" = "iPhone Developer";
				INFOPLIST_FILE = "$(SRCROOT)/tipper/Info.plist";
				LD_RUNPATH_SEARCH_PATHS = "$(inherited) @executable_path/Frameworks";
				PRODUCT_NAME = Tipper;
				PROVISIONING_PROFILE = "";
			};
			name = Release;
		};
		7ECF11F01B564296001809E1 /* Debug */ = {
			isa = XCBuildConfiguration;
			buildSettings = {
				BUNDLE_LOADER = "$(TEST_HOST)";
				FRAMEWORK_SEARCH_PATHS = (
					"$(SDKROOT)/Developer/Library/Frameworks",
					"$(inherited)",
				);
				GCC_PREPROCESSOR_DEFINITIONS = (
					"DEBUG=1",
					"$(inherited)",
				);
				INFOPLIST_FILE = tipsTests/Info.plist;
				LD_RUNPATH_SEARCH_PATHS = "$(inherited) @executable_path/Frameworks @loader_path/Frameworks";
				PRODUCT_NAME = TipperTests;
				TEST_HOST = "$(BUILT_PRODUCTS_DIR)/tips.app/tips";
			};
			name = Debug;
		};
		7ECF11F11B564296001809E1 /* Release */ = {
			isa = XCBuildConfiguration;
			buildSettings = {
				BUNDLE_LOADER = "$(TEST_HOST)";
				FRAMEWORK_SEARCH_PATHS = (
					"$(SDKROOT)/Developer/Library/Frameworks",
					"$(inherited)",
				);
				INFOPLIST_FILE = tipsTests/Info.plist;
				LD_RUNPATH_SEARCH_PATHS = "$(inherited) @executable_path/Frameworks @loader_path/Frameworks";
				PRODUCT_NAME = TipperTests;
				TEST_HOST = "$(BUILT_PRODUCTS_DIR)/tips.app/tips";
			};
			name = Release;
		};
/* End XCBuildConfiguration section */

/* Begin XCConfigurationList section */
		7ECF11C81B564295001809E1 /* Build configuration list for PBXProject "Tipper" */ = {
			isa = XCConfigurationList;
			buildConfigurations = (
				7ECF11EA1B564296001809E1 /* Debug */,
				7ECF11EB1B564296001809E1 /* Release */,
			);
			defaultConfigurationIsVisible = 0;
			defaultConfigurationName = Release;
		};
		7ECF11EC1B564296001809E1 /* Build configuration list for PBXNativeTarget "Tipper" */ = {
			isa = XCConfigurationList;
			buildConfigurations = (
				7ECF11ED1B564296001809E1 /* Debug */,
				7ECF11EE1B564296001809E1 /* Release */,
			);
			defaultConfigurationIsVisible = 0;
			defaultConfigurationName = Release;
		};
		7ECF11EF1B564296001809E1 /* Build configuration list for PBXNativeTarget "TipperTests" */ = {
			isa = XCConfigurationList;
			buildConfigurations = (
				7ECF11F01B564296001809E1 /* Debug */,
				7ECF11F11B564296001809E1 /* Release */,
			);
			defaultConfigurationIsVisible = 0;
			defaultConfigurationName = Release;
		};
/* End XCConfigurationList section */
	};
	rootObject = 7ECF11C51B564295001809E1 /* Project object */;
}
